// !$*UTF8*$!
{
	archiveVersion = 1;
	classes = {
	};
	objectVersion = 90;
	objects = {

/* Begin PBXBuildFile section */
		F35961842B94F5E900DCC8D9 /* Algorithms in Frameworks */ = {isa = PBXBuildFile; productRef = F35961832B94F5E900DCC8D9 /* Algorithms */; };
		F35AFB392B9FAE620065145A /* GlucoseData.swift in Sources */ = {isa = PBXBuildFile; fileRef = F35AFB382B9FAE620065145A /* GlucoseData.swift */; };
		F35AFB3B2B9FAE6D0065145A /* GlucoseVM.swift in Sources */ = {isa = PBXBuildFile; fileRef = F35AFB3A2B9FAE6D0065145A /* GlucoseVM.swift */; };
		F35AFB3D2B9FAF3E0065145A /* LibreView.swift in Sources */ = {isa = PBXBuildFile; fileRef = F35AFB3C2B9FAF3E0065145A /* LibreView.swift */; };
		F36BB9452A5ED4D200E93809 /* HealthPointApp.swift in Sources */ = {isa = PBXBuildFile; fileRef = F36BB9442A5ED4D200E93809 /* HealthPointApp.swift */; };
		F36BB94B2A5ED4D500E93809 /* Assets.xcassets in Resources */ = {isa = PBXBuildFile; fileRef = F36BB94A2A5ED4D500E93809 /* Assets.xcassets */; };
		F36BB9732A5ED55200E93809 /* HealthList.swift in Sources */ = {isa = PBXBuildFile; fileRef = F36BB9722A5ED55200E93809 /* HealthList.swift */; };
		F36BB9752A5EDC0500E93809 /* AppContainer.swift in Sources */ = {isa = PBXBuildFile; fileRef = F36BB9742A5EDC0500E93809 /* AppContainer.swift */; };
		F36BB9782A5EDEAE00E93809 /* ScrechKit in Frameworks */ = {isa = PBXBuildFile; productRef = F36BB9772A5EDEAE00E93809 /* ScrechKit */; };
		F383526A2ECD409800535F26 /* HealthyKit in Frameworks */ = {isa = PBXBuildFile; productRef = F38352692ECD409800535F26 /* HealthyKit */; };
		F383534F2ECDBDAD00535F26 /* LibreViewRecordCard.swift in Sources */ = {isa = PBXBuildFile; fileRef = F383534E2ECDBDAD00535F26 /* LibreViewRecordCard.swift */; };
		F3E7038F2B9B00D500333D4F /* InsulinView.swift in Sources */ = {isa = PBXBuildFile; fileRef = F3E7038C2B9B00CB00333D4F /* InsulinView.swift */; };
		F3E703912B9B00D900333D4F /* DiabetesVM.swift in Sources */ = {isa = PBXBuildFile; fileRef = F3E7038E2B9B00CB00333D4F /* DiabetesVM.swift */; };
		F3E703932B9B010700333D4F /* Transition.swift in Sources */ = {isa = PBXBuildFile; fileRef = F3E703922B9B010700333D4F /* Transition.swift */; };
		F3E703952B9B01F700333D4F /* HomeView.swift in Sources */ = {isa = PBXBuildFile; fileRef = F3E703942B9B01F700333D4F /* HomeView.swift */; };
		F3E703972B9B027900333D4F /* DataList.swift in Sources */ = {isa = PBXBuildFile; fileRef = F3E703962B9B027900333D4F /* DataList.swift */; };
		F3E703992B9B03E400333D4F /* DataRecord.swift in Sources */ = {isa = PBXBuildFile; fileRef = F3E703982B9B03E400333D4F /* DataRecord.swift */; };
/* End PBXBuildFile section */

/* Begin PBXFileReference section */
		F35AFB382B9FAE620065145A /* GlucoseData.swift */ = {isa = PBXFileReference; lastKnownFileType = sourcecode.swift; path = GlucoseData.swift; sourceTree = "<group>"; };
		F35AFB3A2B9FAE6D0065145A /* GlucoseVM.swift */ = {isa = PBXFileReference; lastKnownFileType = sourcecode.swift; path = GlucoseVM.swift; sourceTree = "<group>"; };
		F35AFB3C2B9FAF3E0065145A /* LibreView.swift */ = {isa = PBXFileReference; lastKnownFileType = sourcecode.swift; path = LibreView.swift; sourceTree = "<group>"; };
		F36BB9412A5ED4D200E93809 /* Health Point.app */ = {isa = PBXFileReference; explicitFileType = wrapper.application; includeInIndex = 0; path = "Health Point.app"; sourceTree = BUILT_PRODUCTS_DIR; };
		F36BB9442A5ED4D200E93809 /* HealthPointApp.swift */ = {isa = PBXFileReference; lastKnownFileType = sourcecode.swift; path = HealthPointApp.swift; sourceTree = "<group>"; };
		F36BB94A2A5ED4D500E93809 /* Assets.xcassets */ = {isa = PBXFileReference; lastKnownFileType = folder.assetcatalog; path = Assets.xcassets; sourceTree = "<group>"; };
		F36BB94C2A5ED4D500E93809 /* iOS.entitlements */ = {isa = PBXFileReference; lastKnownFileType = text.plist.entitlements; path = iOS.entitlements; sourceTree = "<group>"; };
		F36BB9502A5ED4D500E93809 /* iOS.plist */ = {isa = PBXFileReference; lastKnownFileType = text.plist.xml; path = iOS.plist; sourceTree = "<group>"; };
		F36BB9722A5ED55200E93809 /* HealthList.swift */ = {isa = PBXFileReference; lastKnownFileType = sourcecode.swift; path = HealthList.swift; sourceTree = "<group>"; };
		F36BB9742A5EDC0500E93809 /* AppContainer.swift */ = {isa = PBXFileReference; lastKnownFileType = sourcecode.swift; path = AppContainer.swift; sourceTree = "<group>"; };
		F383534E2ECDBDAD00535F26 /* LibreViewRecordCard.swift */ = {isa = PBXFileReference; lastKnownFileType = sourcecode.swift; path = LibreViewRecordCard.swift; sourceTree = "<group>"; };
		F3E7038C2B9B00CB00333D4F /* InsulinView.swift */ = {isa = PBXFileReference; lastKnownFileType = sourcecode.swift; path = InsulinView.swift; sourceTree = "<group>"; };
		F3E7038E2B9B00CB00333D4F /* DiabetesVM.swift */ = {isa = PBXFileReference; lastKnownFileType = sourcecode.swift; path = DiabetesVM.swift; sourceTree = "<group>"; };
		F3E703922B9B010700333D4F /* Transition.swift */ = {isa = PBXFileReference; lastKnownFileType = sourcecode.swift; path = Transition.swift; sourceTree = "<group>"; };
		F3E703942B9B01F700333D4F /* HomeView.swift */ = {isa = PBXFileReference; lastKnownFileType = sourcecode.swift; path = HomeView.swift; sourceTree = "<group>"; };
		F3E703962B9B027900333D4F /* DataList.swift */ = {isa = PBXFileReference; lastKnownFileType = sourcecode.swift; path = DataList.swift; sourceTree = "<group>"; };
		F3E703982B9B03E400333D4F /* DataRecord.swift */ = {isa = PBXFileReference; lastKnownFileType = sourcecode.swift; path = DataRecord.swift; sourceTree = "<group>"; };
/* End PBXFileReference section */

/* Begin PBXFrameworksBuildPhase section */
		F36BB93E2A5ED4D200E93809 /* Frameworks */ = {
			isa = PBXFrameworksBuildPhase;
			files = (
				F35961842B94F5E900DCC8D9 /* Algorithms in Frameworks */,
				F36BB9782A5EDEAE00E93809 /* ScrechKit in Frameworks */,
				F383526A2ECD409800535F26 /* HealthyKit in Frameworks */,
			);
		};
/* End PBXFrameworksBuildPhase section */

/* Begin PBXGroup section */
		F33BC1782B95C98B00C9B2DB /* Nav */ = {
			isa = PBXGroup;
			children = (
				F36BB9742A5EDC0500E93809 /* AppContainer.swift */,
			);
			path = Nav;
			sourceTree = "<group>";
		};
		F36BB9382A5ED4D200E93809 = {
			isa = PBXGroup;
			children = (
				F36BB9432A5ED4D200E93809 /* Health Point */,
				F36BB9422A5ED4D200E93809 /* Products */,
			);
			sourceTree = "<group>";
		};
		F36BB9422A5ED4D200E93809 /* Products */ = {
			isa = PBXGroup;
			children = (
				F36BB9412A5ED4D200E93809 /* Health Point.app */,
			);
			name = Products;
			sourceTree = "<group>";
		};
		F36BB9432A5ED4D200E93809 /* Health Point */ = {
			isa = PBXGroup;
			children = (
				F36BB9442A5ED4D200E93809 /* HealthPointApp.swift */,
				F33BC1782B95C98B00C9B2DB /* Nav */,
				F36BB9502A5ED4D500E93809 /* iOS.plist */,
				F36BB94C2A5ED4D500E93809 /* iOS.entitlements */,
				F36BB94A2A5ED4D500E93809 /* Assets.xcassets */,
				F3E703922B9B010700333D4F /* Transition.swift */,
				F3E703942B9B01F700333D4F /* HomeView.swift */,
				F36BB9722A5ED55200E93809 /* HealthList.swift */,
				F3E7038B2B9B00CB00333D4F /* Diabetes */,
			);
			path = "Health Point";
			sourceTree = "<group>";
		};
		F3E7038B2B9B00CB00333D4F /* Diabetes */ = {
			isa = PBXGroup;
			children = (
				F3E703962B9B027900333D4F /* DataList.swift */,
				F35AFB382B9FAE620065145A /* GlucoseData.swift */,
				F35AFB3A2B9FAE6D0065145A /* GlucoseVM.swift */,
				F35AFB3C2B9FAF3E0065145A /* LibreView.swift */,
				F383534E2ECDBDAD00535F26 /* LibreViewRecordCard.swift */,
				F3E7038C2B9B00CB00333D4F /* InsulinView.swift */,
				F3E7038E2B9B00CB00333D4F /* DiabetesVM.swift */,
				F3E703982B9B03E400333D4F /* DataRecord.swift */,
			);
			path = Diabetes;
			sourceTree = "<group>";
		};
/* End PBXGroup section */

/* Begin PBXNativeTarget section */
		F36BB9402A5ED4D200E93809 /* Health Point */ = {
			isa = PBXNativeTarget;
			buildConfigurationList = F36BB9692A5ED4D500E93809 /* Build configuration list for PBXNativeTarget "Health Point" */;
			buildPhases = (
				F36BB93D2A5ED4D200E93809 /* Sources */,
				F36BB93E2A5ED4D200E93809 /* Frameworks */,
				F36BB93F2A5ED4D200E93809 /* Resources */,
			);
			buildRules = (
			);
			name = "Health Point";
			packageProductDependencies = (
				F36BB9772A5EDEAE00E93809 /* ScrechKit */,
				F35961832B94F5E900DCC8D9 /* Algorithms */,
				F38352692ECD409800535F26 /* HealthyKit */,
			);
			productName = "Health Point";
			productReference = F36BB9412A5ED4D200E93809 /* Health Point.app */;
			productType = "com.apple.product-type.application";
		};
/* End PBXNativeTarget section */

/* Begin PBXProject section */
		F36BB9392A5ED4D200E93809 /* Project object */ = {
			isa = PBXProject;
			attributes = {
				BuildIndependentTargetsInParallel = 1;
				LastSwiftUpdateCheck = 1500;
				LastUpgradeCheck = 2620;
				TargetAttributes = {
					F36BB9402A5ED4D200E93809 = {
						CreatedOnToolsVersion = 15.0;
					};
				};
			};
			buildConfigurationList = F36BB93C2A5ED4D200E93809 /* Build configuration list for PBXProject "Health Point" */;
			developmentRegion = en;
			hasScannedForEncodings = 0;
			knownRegions = (
				en,
				Base,
			);
			mainGroup = F36BB9382A5ED4D200E93809;
			packageReferences = (
				F36BB9762A5EDEAE00E93809 /* XCRemoteSwiftPackageReference "ScrechKit" */,
				F35961822B94F5E900DCC8D9 /* XCRemoteSwiftPackageReference "swift-algorithms" */,
				F38352682ECD409800535F26 /* XCRemoteSwiftPackageReference "HealthyKit" */,
			);
			preferredProjectObjectVersion = 90;
			productRefGroup = F36BB9422A5ED4D200E93809 /* Products */;
			projectDirPath = "";
			projectRoot = "";
			targets = (
				F36BB9402A5ED4D200E93809 /* Health Point */,
			);
		};
/* End PBXProject section */

/* Begin PBXResourcesBuildPhase section */
		F36BB93F2A5ED4D200E93809 /* Resources */ = {
			isa = PBXResourcesBuildPhase;
			files = (
				F36BB94B2A5ED4D500E93809 /* Assets.xcassets in Resources */,
			);
		};
/* End PBXResourcesBuildPhase section */

/* Begin PBXSourcesBuildPhase section */
		F36BB93D2A5ED4D200E93809 /* Sources */ = {
			isa = PBXSourcesBuildPhase;
			files = (
				F35AFB3D2B9FAF3E0065145A /* LibreView.swift in Sources */,
				F35AFB3B2B9FAE6D0065145A /* GlucoseVM.swift in Sources */,
				F383534F2ECDBDAD00535F26 /* LibreViewRecordCard.swift in Sources */,
				F3E703972B9B027900333D4F /* DataList.swift in Sources */,
				F3E703932B9B010700333D4F /* Transition.swift in Sources */,
				F3E703912B9B00D900333D4F /* DiabetesVM.swift in Sources */,
				F36BB9752A5EDC0500E93809 /* AppContainer.swift in Sources */,
				F3E703952B9B01F700333D4F /* HomeView.swift in Sources */,
				F36BB9732A5ED55200E93809 /* HealthList.swift in Sources */,
				F36BB9452A5ED4D200E93809 /* HealthPointApp.swift in Sources */,
				F35AFB392B9FAE620065145A /* GlucoseData.swift in Sources */,
				F3E7038F2B9B00D500333D4F /* InsulinView.swift in Sources */,
				F3E703992B9B03E400333D4F /* DataRecord.swift in Sources */,
			);
		};
/* End PBXSourcesBuildPhase section */

/* Begin XCBuildConfiguration section */
		F36BB9672A5ED4D500E93809 /* Debug configuration for PBXProject "Health Point" */ = {
			isa = XCBuildConfiguration;
			buildSettings = {
				ALWAYS_SEARCH_USER_PATHS = NO;
				ASSETCATALOG_COMPILER_GENERATE_SWIFT_ASSET_SYMBOL_EXTENSIONS = YES;
				CLANG_ANALYZER_NONNULL = YES;
				CLANG_ANALYZER_NUMBER_OBJECT_CONVERSION = YES_AGGRESSIVE;
				CLANG_CXX_LANGUAGE_STANDARD = "gnu++20";
				CLANG_ENABLE_MODULES = YES;
				CLANG_ENABLE_OBJC_ARC = YES;
				CLANG_ENABLE_OBJC_WEAK = YES;
				CLANG_WARN_BLOCK_CAPTURE_AUTORELEASING = YES;
				CLANG_WARN_BOOL_CONVERSION = YES;
				CLANG_WARN_COMMA = YES;
				CLANG_WARN_CONSTANT_CONVERSION = YES;
				CLANG_WARN_DEPRECATED_OBJC_IMPLEMENTATIONS = YES;
				CLANG_WARN_DIRECT_OBJC_ISA_USAGE = YES_ERROR;
				CLANG_WARN_DOCUMENTATION_COMMENTS = YES;
				CLANG_WARN_EMPTY_BODY = YES;
				CLANG_WARN_ENUM_CONVERSION = YES;
				CLANG_WARN_INFINITE_RECURSION = YES;
				CLANG_WARN_INT_CONVERSION = YES;
				CLANG_WARN_NON_LITERAL_NULL_CONVERSION = YES;
				CLANG_WARN_OBJC_IMPLICIT_RETAIN_SELF = YES;
				CLANG_WARN_OBJC_LITERAL_CONVERSION = YES;
				CLANG_WARN_OBJC_ROOT_CLASS = YES_ERROR;
				CLANG_WARN_QUOTED_INCLUDE_IN_FRAMEWORK_HEADER = YES;
				CLANG_WARN_RANGE_LOOP_ANALYSIS = YES;
				CLANG_WARN_STRICT_PROTOTYPES = YES;
				CLANG_WARN_SUSPICIOUS_MOVE = YES;
				CLANG_WARN_UNGUARDED_AVAILABILITY = YES_AGGRESSIVE;
				CLANG_WARN_UNREACHABLE_CODE = YES;
				CLANG_WARN__DUPLICATE_METHOD_MATCH = YES;
				COPY_PHASE_STRIP = NO;
				DEAD_CODE_STRIPPING = YES;
				DEBUG_INFORMATION_FORMAT = dwarf;
				DEVELOPMENT_TEAM = 8FQUA2F388;
				ENABLE_STRICT_OBJC_MSGSEND = YES;
				ENABLE_TESTABILITY = YES;
				ENABLE_USER_SCRIPT_SANDBOXING = YES;
				GCC_C_LANGUAGE_STANDARD = gnu17;
				GCC_DYNAMIC_NO_PIC = NO;
				GCC_NO_COMMON_BLOCKS = YES;
				GCC_OPTIMIZATION_LEVEL = 0;
				GCC_PREPROCESSOR_DEFINITIONS = (
					"DEBUG=1",
					"$(inherited)",
				);
				GCC_WARN_64_TO_32_BIT_CONVERSION = YES;
				GCC_WARN_ABOUT_RETURN_TYPE = YES_ERROR;
				GCC_WARN_UNDECLARED_SELECTOR = YES;
				GCC_WARN_UNINITIALIZED_AUTOS = YES_AGGRESSIVE;
				GCC_WARN_UNUSED_FUNCTION = YES;
				GCC_WARN_UNUSED_VARIABLE = YES;
				IPHONEOS_DEPLOYMENT_TARGET = 17.0;
				LOCALIZATION_PREFERS_STRING_CATALOGS = YES;
				MACOSX_DEPLOYMENT_TARGET = 14.0;
				MTL_ENABLE_DEBUG_INFO = INCLUDE_SOURCE;
				MTL_FAST_MATH = YES;
				ONLY_ACTIVE_ARCH = YES;
				STRING_CATALOG_GENERATE_SYMBOLS = YES;
				SWIFT_ACTIVE_COMPILATION_CONDITIONS = "DEBUG $(inherited)";
				SWIFT_OPTIMIZATION_LEVEL = "-Onone";
			};
			name = Debug;
		};
		F36BB9682A5ED4D500E93809 /* Release configuration for PBXProject "Health Point" */ = {
			isa = XCBuildConfiguration;
			buildSettings = {
				ALWAYS_SEARCH_USER_PATHS = NO;
				ASSETCATALOG_COMPILER_GENERATE_SWIFT_ASSET_SYMBOL_EXTENSIONS = YES;
				CLANG_ANALYZER_NONNULL = YES;
				CLANG_ANALYZER_NUMBER_OBJECT_CONVERSION = YES_AGGRESSIVE;
				CLANG_CXX_LANGUAGE_STANDARD = "gnu++20";
				CLANG_ENABLE_MODULES = YES;
				CLANG_ENABLE_OBJC_ARC = YES;
				CLANG_ENABLE_OBJC_WEAK = YES;
				CLANG_WARN_BLOCK_CAPTURE_AUTORELEASING = YES;
				CLANG_WARN_BOOL_CONVERSION = YES;
				CLANG_WARN_COMMA = YES;
				CLANG_WARN_CONSTANT_CONVERSION = YES;
				CLANG_WARN_DEPRECATED_OBJC_IMPLEMENTATIONS = YES;
				CLANG_WARN_DIRECT_OBJC_ISA_USAGE = YES_ERROR;
				CLANG_WARN_DOCUMENTATION_COMMENTS = YES;
				CLANG_WARN_EMPTY_BODY = YES;
				CLANG_WARN_ENUM_CONVERSION = YES;
				CLANG_WARN_INFINITE_RECURSION = YES;
				CLANG_WARN_INT_CONVERSION = YES;
				CLANG_WARN_NON_LITERAL_NULL_CONVERSION = YES;
				CLANG_WARN_OBJC_IMPLICIT_RETAIN_SELF = YES;
				CLANG_WARN_OBJC_LITERAL_CONVERSION = YES;
				CLANG_WARN_OBJC_ROOT_CLASS = YES_ERROR;
				CLANG_WARN_QUOTED_INCLUDE_IN_FRAMEWORK_HEADER = YES;
				CLANG_WARN_RANGE_LOOP_ANALYSIS = YES;
				CLANG_WARN_STRICT_PROTOTYPES = YES;
				CLANG_WARN_SUSPICIOUS_MOVE = YES;
				CLANG_WARN_UNGUARDED_AVAILABILITY = YES_AGGRESSIVE;
				CLANG_WARN_UNREACHABLE_CODE = YES;
				CLANG_WARN__DUPLICATE_METHOD_MATCH = YES;
				COPY_PHASE_STRIP = NO;
				DEAD_CODE_STRIPPING = YES;
				DEBUG_INFORMATION_FORMAT = "dwarf-with-dsym";
				DEVELOPMENT_TEAM = 8FQUA2F388;
				ENABLE_NS_ASSERTIONS = NO;
				ENABLE_STRICT_OBJC_MSGSEND = YES;
				ENABLE_USER_SCRIPT_SANDBOXING = YES;
				GCC_C_LANGUAGE_STANDARD = gnu17;
				GCC_NO_COMMON_BLOCKS = YES;
				GCC_WARN_64_TO_32_BIT_CONVERSION = YES;
				GCC_WARN_ABOUT_RETURN_TYPE = YES_ERROR;
				GCC_WARN_UNDECLARED_SELECTOR = YES;
				GCC_WARN_UNINITIALIZED_AUTOS = YES_AGGRESSIVE;
				GCC_WARN_UNUSED_FUNCTION = YES;
				GCC_WARN_UNUSED_VARIABLE = YES;
				IPHONEOS_DEPLOYMENT_TARGET = 17.0;
				LOCALIZATION_PREFERS_STRING_CATALOGS = YES;
				MACOSX_DEPLOYMENT_TARGET = 14.0;
				MTL_ENABLE_DEBUG_INFO = NO;
				MTL_FAST_MATH = YES;
				STRING_CATALOG_GENERATE_SYMBOLS = YES;
				SWIFT_COMPILATION_MODE = wholemodule;
			};
			name = Release;
		};
		F36BB96A2A5ED4D500E93809 /* Debug configuration for PBXNativeTarget "Health Point" */ = {
			isa = XCBuildConfiguration;
			buildSettings = {
				ASSETCATALOG_COMPILER_APPICON_NAME = AppIcon;
				ASSETCATALOG_COMPILER_GLOBAL_ACCENT_COLOR_NAME = AccentColor;
				CODE_SIGN_ENTITLEMENTS = "Health Point/iOS.entitlements";
				CODE_SIGN_STYLE = Automatic;
				CURRENT_PROJECT_VERSION = 0;
				DEAD_CODE_STRIPPING = YES;
				DEVELOPMENT_ASSET_PATHS = "";
				ENABLE_APP_SANDBOX = YES;
				ENABLE_HARDENED_RUNTIME = YES;
				ENABLE_PREVIEWS = YES;
				ENABLE_USER_SELECTED_FILES = readonly;
				GENERATE_INFOPLIST_FILE = YES;
				INFOPLIST_FILE = "Health Point/iOS.plist";
				INFOPLIST_KEY_CFBundleDisplayName = "Health Point";
				INFOPLIST_KEY_LSApplicationCategoryType = "public.app-category.healthcare-fitness";
				INFOPLIST_KEY_NSHealthClinicalHealthRecordsShareUsageDescription = "Display summary of your health metrics";
				INFOPLIST_KEY_NSHealthShareUsageDescription = "Share health metrict";
				INFOPLIST_KEY_NSHealthUpdateUsageDescription = "Update health metrics";
				"INFOPLIST_KEY_UIApplicationSceneManifest_Generation[sdk=iphoneos*]" = YES;
				"INFOPLIST_KEY_UIApplicationSceneManifest_Generation[sdk=iphonesimulator*]" = YES;
				"INFOPLIST_KEY_UIApplicationSupportsIndirectInputEvents[sdk=iphoneos*]" = YES;
				"INFOPLIST_KEY_UIApplicationSupportsIndirectInputEvents[sdk=iphonesimulator*]" = YES;
				"INFOPLIST_KEY_UILaunchScreen_Generation[sdk=iphoneos*]" = YES;
				"INFOPLIST_KEY_UILaunchScreen_Generation[sdk=iphonesimulator*]" = YES;
				"INFOPLIST_KEY_UIStatusBarStyle[sdk=iphoneos*]" = UIStatusBarStyleDefault;
				"INFOPLIST_KEY_UIStatusBarStyle[sdk=iphonesimulator*]" = UIStatusBarStyleDefault;
				INFOPLIST_KEY_UISupportedInterfaceOrientations = "UIInterfaceOrientationLandscapeLeft UIInterfaceOrientationLandscapeRight UIInterfaceOrientationPortrait UIInterfaceOrientationPortraitUpsideDown";
				IPHONEOS_DEPLOYMENT_TARGET = 17.0;
				LD_RUNPATH_SEARCH_PATHS = "@executable_path/Frameworks";
				"LD_RUNPATH_SEARCH_PATHS[sdk=macosx*]" = "@executable_path/../Frameworks";
				MACOSX_DEPLOYMENT_TARGET = 14.0;
				MARKETING_VERSION = 0.9;
				PRODUCT_BUNDLE_IDENTIFIER = "dev.topscrech.Health-Point";
				PRODUCT_NAME = "$(TARGET_NAME)";
				SDKROOT = auto;
				SUPPORTED_PLATFORMS = "iphoneos iphonesimulator";
				SUPPORTS_MACCATALYST = NO;
				SWIFT_EMIT_LOC_STRINGS = YES;
				SWIFT_VERSION = 5.0;
				TARGETED_DEVICE_FAMILY = "1,2";
			};
			name = Debug;
		};
		F36BB96B2A5ED4D500E93809 /* Release configuration for PBXNativeTarget "Health Point" */ = {
			isa = XCBuildConfiguration;
			buildSettings = {
				ASSETCATALOG_COMPILER_APPICON_NAME = AppIcon;
				ASSETCATALOG_COMPILER_GLOBAL_ACCENT_COLOR_NAME = AccentColor;
				CODE_SIGN_ENTITLEMENTS = "Health Point/iOS.entitlements";
				CODE_SIGN_STYLE = Automatic;
				CURRENT_PROJECT_VERSION = 0;
				DEAD_CODE_STRIPPING = YES;
				DEVELOPMENT_ASSET_PATHS = "";
				ENABLE_APP_SANDBOX = YES;
				ENABLE_HARDENED_RUNTIME = YES;
				ENABLE_PREVIEWS = YES;
				ENABLE_USER_SELECTED_FILES = readonly;
				GENERATE_INFOPLIST_FILE = YES;
				INFOPLIST_FILE = "Health Point/iOS.plist";
				INFOPLIST_KEY_CFBundleDisplayName = "Health Point";
				INFOPLIST_KEY_LSApplicationCategoryType = "public.app-category.healthcare-fitness";
				INFOPLIST_KEY_NSHealthClinicalHealthRecordsShareUsageDescription = "Display summary of your health metrics";
				INFOPLIST_KEY_NSHealthShareUsageDescription = "Share health metrict";
				INFOPLIST_KEY_NSHealthUpdateUsageDescription = "Update health metrics";
				"INFOPLIST_KEY_UIApplicationSceneManifest_Generation[sdk=iphoneos*]" = YES;
				"INFOPLIST_KEY_UIApplicationSceneManifest_Generation[sdk=iphonesimulator*]" = YES;
				"INFOPLIST_KEY_UIApplicationSupportsIndirectInputEvents[sdk=iphoneos*]" = YES;
				"INFOPLIST_KEY_UIApplicationSupportsIndirectInputEvents[sdk=iphonesimulator*]" = YES;
				"INFOPLIST_KEY_UILaunchScreen_Generation[sdk=iphoneos*]" = YES;
				"INFOPLIST_KEY_UILaunchScreen_Generation[sdk=iphonesimulator*]" = YES;
				"INFOPLIST_KEY_UIStatusBarStyle[sdk=iphoneos*]" = UIStatusBarStyleDefault;
				"INFOPLIST_KEY_UIStatusBarStyle[sdk=iphonesimulator*]" = UIStatusBarStyleDefault;
				INFOPLIST_KEY_UISupportedInterfaceOrientations = "UIInterfaceOrientationLandscapeLeft UIInterfaceOrientationLandscapeRight UIInterfaceOrientationPortrait UIInterfaceOrientationPortraitUpsideDown";
				IPHONEOS_DEPLOYMENT_TARGET = 17.0;
				LD_RUNPATH_SEARCH_PATHS = "@executable_path/Frameworks";
				"LD_RUNPATH_SEARCH_PATHS[sdk=macosx*]" = "@executable_path/../Frameworks";
				MACOSX_DEPLOYMENT_TARGET = 14.0;
				MARKETING_VERSION = 0.9;
				PRODUCT_BUNDLE_IDENTIFIER = "dev.topscrech.Health-Point";
				PRODUCT_NAME = "$(TARGET_NAME)";
				SDKROOT = auto;
				SUPPORTED_PLATFORMS = "iphoneos iphonesimulator";
				SUPPORTS_MACCATALYST = NO;
				SWIFT_EMIT_LOC_STRINGS = YES;
				SWIFT_VERSION = 5.0;
				TARGETED_DEVICE_FAMILY = "1,2";
			};
			name = Release;
		};
/* End XCBuildConfiguration section */

/* Begin XCConfigurationList section */
		F36BB93C2A5ED4D200E93809 /* Build configuration list for PBXProject "Health Point" */ = {
			isa = XCConfigurationList;
			buildConfigurations = (
				F36BB9672A5ED4D500E93809 /* Debug configuration for PBXProject "Health Point" */,
				F36BB9682A5ED4D500E93809 /* Release configuration for PBXProject "Health Point" */,
			);
			defaultConfigurationName = Release;
		};
		F36BB9692A5ED4D500E93809 /* Build configuration list for PBXNativeTarget "Health Point" */ = {
			isa = XCConfigurationList;
			buildConfigurations = (
				F36BB96A2A5ED4D500E93809 /* Debug configuration for PBXNativeTarget "Health Point" */,
				F36BB96B2A5ED4D500E93809 /* Release configuration for PBXNativeTarget "Health Point" */,
			);
			defaultConfigurationName = Release;
		};
/* End XCConfigurationList section */

/* Begin XCRemoteSwiftPackageReference section */
		F35961822B94F5E900DCC8D9 /* XCRemoteSwiftPackageReference "swift-algorithms" */ = {
			isa = XCRemoteSwiftPackageReference;
			repositoryURL = "https://github.com/apple/swift-algorithms.git";
			requirement = {
				kind = upToNextMajorVersion;
				minimumVersion = 1.2.0;
			};
		};
		F36BB9762A5EDEAE00E93809 /* XCRemoteSwiftPackageReference "ScrechKit" */ = {
			isa = XCRemoteSwiftPackageReference;
			repositoryURL = "https://github.com/TopScrech/ScrechKit";
			requirement = {
				branch = main;
				kind = branch;
			};
		};
		F38352682ECD409800535F26 /* XCRemoteSwiftPackageReference "HealthyKit" */ = {
			isa = XCRemoteSwiftPackageReference;
			repositoryURL = "https://github.com/TopScrech/HealthyKit";
			requirement = {
				branch = main;
				kind = branch;
			};
		};
/* End XCRemoteSwiftPackageReference section */

/* Begin XCSwiftPackageProductDependency section */
		F35961832B94F5E900DCC8D9 /* Algorithms */ = {
			isa = XCSwiftPackageProductDependency;
			package = F35961822B94F5E900DCC8D9 /* XCRemoteSwiftPackageReference "swift-algorithms" */;
			productName = Algorithms;
		};
		F36BB9772A5EDEAE00E93809 /* ScrechKit */ = {
			isa = XCSwiftPackageProductDependency;
			package = F36BB9762A5EDEAE00E93809 /* XCRemoteSwiftPackageReference "ScrechKit" */;
			productName = ScrechKit;
		};
		F38352692ECD409800535F26 /* HealthyKit */ = {
			isa = XCSwiftPackageProductDependency;
			package = F38352682ECD409800535F26 /* XCRemoteSwiftPackageReference "HealthyKit" */;
			productName = HealthyKit;
		};
/* End XCSwiftPackageProductDependency section */
	};
	rootObject = F36BB9392A5ED4D200E93809 /* Project object */;
}
