{
  "originHash" : "13627112d3938c4d14c9f28a8b749507d874e2bef72710f1ba6a1024e1175888",
  "pins" : [
    {
      "identity" : "healthykit",
      "kind" : "remoteSourceControl",
      "location" : "https://github.com/TopScrech/HealthyKit",
      "state" : {
        "revision" : "35f25c91da58ab6627da7aefde12c97c0a128104",
        "version" : "1.0.0"
      }
    },
    {
      "identity" : "screchkit",
      "kind" : "remoteSourceControl",
      "location" : "https://github.com/TopScrech/ScrechKit",
      "state" : {
        "revision" : "a9ec3560ca613c10fa6f7aae2ab73a1c1a1ac3bb",
        "version" : "1.0.3"
      }
    },
    {
      "identity" : "swift-algorithms",
      "kind" : "remoteSourceControl",
      "location" : "https://github.com/apple/swift-algorithms.git",
      "state" : {
        "revision" : "87e50f483c54e6efd60e885f7f5aa946cee68023",
        "version" : "1.2.1"
      }
    },
    {
      "identity" : "swift-numerics",
      "kind" : "remoteSourceControl",
      "location" : "https://github.com/apple/swift-numerics.git",
      "state" : {
        "revision" : "0c0290ff6b24942dadb83a929ffaaa1481df04a2",
        "version" : "1.1.1"
      }
    }
  ],
  "version" : 3
}
